{
  "version": "5",
  "redirects": {
    "https://esm.sh/@supabase/supabase-js@2": "https://esm.sh/@supabase/supabase-js@2.110.0",
    "https://esm.sh/iceberg-js@^0.8.1?target=denonext": "https://esm.sh/iceberg-js@0.8.1?target=denonext"
  },
  "remote": {
    "https://deno.land/std@0.168.0/async/abortable.ts": "80b2ac399f142cc528f95a037a7d0e653296352d95c681e284533765961de409",
    "https://deno.land/std@0.168.0/async/deadline.ts": "2c2deb53c7c28ca1dda7a3ad81e70508b1ebc25db52559de6b8636c9278fd41f",
    "https://deno.land/std@0.168.0/async/debounce.ts": "60301ffb37e730cd2d6f9dadfd0ecb2a38857681bd7aaf6b0a106b06e5210a98",
    "https://deno.land/std@0.168.0/async/deferred.ts": "77d3f84255c3627f1cc88699d8472b664d7635990d5358c4351623e098e917d6",
    "https://deno.land/std@0.168.0/async/delay.ts": "5a9bfba8de38840308a7a33786a0155a7f6c1f7a859558ddcec5fe06e16daf57",
    "https://deno.land/std@0.168.0/async/mod.ts": "7809ad4bb223e40f5fdc043e5c7ca04e0e25eed35c32c3c32e28697c553fa6d9",
    "https://deno.land/std@0.168.0/async/mux_async_iterator.ts": "770a0ff26c59f8bbbda6b703a2235f04e379f73238e8d66a087edc68c2a2c35f",
    "https://deno.land/std@0.168.0/async/pool.ts": "6854d8cd675a74c73391c82005cbbe4cc58183bddcd1fbbd7c2bcda42b61cf69",
    "https://deno.land/std@0.168.0/async/retry.ts": "e8e5173623915bbc0ddc537698fa418cf875456c347eda1ed453528645b42e67",
    "https://deno.land/std@0.168.0/async/tee.ts": "3a47cc4e9a940904fd4341f0224907e199121c80b831faa5ec2b054c6d2eff5e",
    "https://deno.land/std@0.168.0/http/server.ts": "e99c1bee8a3f6571ee4cdeb2966efad465b8f6fe62bec1bdb59c1f007cc4d155",
    "https://deno.land/std@0.192.0/_util/asserts.ts": "178dfc49a464aee693a7e285567b3d0b555dc805ff490505a8aae34f9cfb1462",
    "https://deno.land/std@0.192.0/async/abortable.ts": "fd682fa46f3b7b16b4606a5ab52a7ce309434b76f820d3221bdfb862719a15d7",
    "https://deno.land/std@0.192.0/async/deadline.ts": "58f72a3cc0fcb731b2cc055ba046f4b5be3349ff6bf98f2e793c3b969354aab2",
    "https://deno.land/std@0.192.0/async/debounce.ts": "adab11d04ca38d699444ac8a9d9856b4155e8dda2afd07ce78276c01ea5a4332",
    "https://deno.land/std@0.192.0/async/deferred.ts": "42790112f36a75a57db4a96d33974a936deb7b04d25c6084a9fa8a49f135def8",
    "https://deno.land/std@0.192.0/async/delay.ts": "73aa04cec034c84fc748c7be49bb15cac3dd43a57174bfdb7a4aec22c248f0dd",
    "https://deno.land/std@0.192.0/async/mod.ts": "f04344fa21738e5ad6bea37a6bfffd57c617c2d372bb9f9dcfd118a1b622e576",
    "https://deno.land/std@0.192.0/async/mux_async_iterator.ts": "70c7f2ee4e9466161350473ad61cac0b9f115cff4c552eaa7ef9d50c4cbb4cc9",
    "https://deno.land/std@0.192.0/async/pool.ts": "f1b8d3df4d7fd3c73f8cbc91cc2e8b8e950910f1eab94230b443944d7584c657",
    "https://deno.land/std@0.192.0/async/retry.ts": "6521c061a5ab24e8b1ae624bdc581c4243d1d574f99dc7f5a2a195c2241fb1b8",
    "https://deno.land/std@0.192.0/async/tee.ts": "47e42d35f622650b02234d43803d0383a89eb4387e1b83b5a40106d18ae36757",
    "https://deno.land/std@0.192.0/http/server.ts": "1b23463b5b36e4eebc495417f6af47a6f7d52e3294827a1226d2a1aab23d9d20",
    "https://esm.sh/@supabase/auth-js@2.110.0/denonext/auth-js.mjs": "9343a81cff9b86e6c51f173c9d6bd775791755648553520722a85ba59099f38f",
    "https://esm.sh/@supabase/functions-js@2.110.0/denonext/functions-js.mjs": "e34b2f3b958ab4b0339bc0e58781bb264d5387162e1094fad63b35b8746c835d",
    "https://esm.sh/@supabase/phoenix@0.4.4/denonext/phoenix.mjs": "2c4954292d10fd9137d66a1b7abd73bf24f9771a444c3d4e267b12e1e2b132c8",
    "https://esm.sh/@supabase/postgrest-js@2.110.0/denonext/postgrest-js.mjs": "6ab3b6d6194d199b1319fd523142ccefc443be29e8280f1007c9917d83ba00e2",
    "https://esm.sh/@supabase/realtime-js@2.110.0/denonext/realtime-js.mjs": "300a4129865ad69c45d79e89963e357d003847fb707a5c88cfebf63030db2f2b",
    "https://esm.sh/@supabase/storage-js@2.110.0/denonext/storage-js.mjs": "1bf5f1363d7e019fb4e7ba41b3f00e4e338acec2379835591f8d4f5590e96a3a",
    "https://esm.sh/@supabase/supabase-js@2.110.0": "b99c0ce7729f9de7797f836b93ab9ec94f1cfe079b4f937fa4144fe13525e979",
    "https://esm.sh/@supabase/supabase-js@2.110.0/denonext/supabase-js.mjs": "eb573f7b15e0522ac34f4fa0a02011bc237dade5b71946aafb19d375ed8f278b",
    "https://esm.sh/@supabase/supabase-js@2.39.0": "f51aeb2dbf8f67c8fa396628af45793e3513067d45705f1ea158f5c678bb0cea",
    "https://esm.sh/@supabase/supabase-js@2.39.3": "832d7714491bd1c8a9008a332b35cb099f24b451ad79e755ecf4d71985fd6610",
    "https://esm.sh/fflate@0.8.2": "e0cdd268850b4eac9ef9f188a3b4c5c9dd3ebd0f66c4006a13911b2a0c0512bb",
    "https://esm.sh/fflate@0.8.2/denonext/fflate.mjs": "84afaa7491d754b566dd8608dcc784e7fdd4f0342e2c5b0bd1442e77782ec1a2",
    "https://esm.sh/i18n-iso-countries@7.11.1": "38d0d79cab231d69ea5b0b2fc3be63f5d1a322c2815a9de7a93df62ed0467e68",
    "https://esm.sh/i18n-iso-countries@7.11.1/langs/en.json": "7445185d6424e574027a7cd14029e000784eaa03a2b83ab097742079f701e702",
    "https://esm.sh/iceberg-js@0.8.1/denonext/iceberg-js.mjs": "d839d81a2e3966500ca2cdd0c1cb458e9608bacfc91f7bb67a69b2e878dcdb4f",
    "https://esm.sh/iceberg-js@0.8.1?target=denonext": "58c849d7fe2bf4eca4a84eb501e83c161a7d8c34ca1bec15a962b3bec3062633",
    "https://esm.sh/iso-3166-1@2.1.1": "5d967065c3250df46f39c7dfc959890dd170ab5fe3afe916cfbf5a507abf6231",
    "https://esm.sh/tslib@2.8.1/denonext/tslib.mjs": "c38da5dd6da6281964435002ce204cd586634fe3bdfb24a0ee116f48cf3292e9"
  },
  "workspace": {
    "packageJson": {
      "dependencies": [
        "npm:@deck.gl/core@^9.3.6",
        "npm:@deck.gl/layers@^9.3.6",
        "npm:@deck.gl/react@^9.3.6",
        "npm:@radix-ui/react-accordion@^1.2.15",
        "npm:@radix-ui/react-avatar@^1.2.1",
        "npm:@radix-ui/react-checkbox@^1.3.6",
        "npm:@radix-ui/react-collapsible@^1.1.15",
        "npm:@radix-ui/react-context-menu@^2.3.2",
        "npm:@radix-ui/react-dialog@^1.1.18",
        "npm:@radix-ui/react-dropdown-menu@^2.1.19",
        "npm:@radix-ui/react-hover-card@^1.1.18",
        "npm:@radix-ui/react-label@^2.1.11",
        "npm:@radix-ui/react-menubar@^1.1.19",
        "npm:@radix-ui/react-navigation-menu@^1.2.17",
        "npm:@radix-ui/react-popover@^1.1.18",
        "npm:@radix-ui/react-progress@^1.1.11",
        "npm:@radix-ui/react-radio-group@^1.4.2",
        "npm:@radix-ui/react-scroll-area@^1.2.13",
        "npm:@radix-ui/react-select@^2.3.2",
        "npm:@radix-ui/react-separator@^1.1.11",
        "npm:@radix-ui/react-slider@^1.4.2",
        "npm:@radix-ui/react-slot@^1.3.0",
        "npm:@radix-ui/react-switch@^1.3.2",
        "npm:@radix-ui/react-tabs@^1.1.16",
        "npm:@radix-ui/react-toast@^1.2.18",
        "npm:@radix-ui/react-toggle-group@^1.1.14",
        "npm:@radix-ui/react-toggle@^1.1.13",
        "npm:@radix-ui/react-tooltip@^1.2.11",
        "npm:@supabase/supabase-js@^2.109.0",
        "npm:@tanstack/react-query@^5.101.2",
        "npm:@types/node@^24.13.2",
        "npm:@types/react-dom@^19.2.3",
        "npm:@types/react@^19.2.17",
        "npm:@vitejs/plugin-react@^6.0.3",
        "npm:@xyflow/react@^12.11.2",
        "npm:autoprefixer@^10.5.2",
        "npm:class-variance-authority@~0.7.1",
        "npm:clsx@^2.1.1",
        "npm:cmdk@^1.1.1",
        "npm:date-fns@^4.4.0",
        "npm:lucide-react@^1.23.0",
        "npm:maplibre-gl@^5.24.0",
        "npm:next-themes@~0.4.6",
        "npm:oxlint@^1.71.0",
        "npm:pg@^8.22.0",
        "npm:postcss@^8.5.16",
        "npm:react-dom@^19.2.7",
        "npm:react-map-gl@^8.1.1",
        "npm:react-markdown@^10.1.0",
        "npm:react-resizable-panels@^4.12.1",
        "npm:react-router-dom@^7.18.1",
        "npm:react@^19.2.7",
        "npm:recharts@^3.9.2",
        "npm:sonner@^2.0.7",
        "npm:tailwind-merge@^3.6.0",
        "npm:tailwindcss-animate@^1.0.7",
        "npm:tailwindcss@^3.4.0",
        "npm:typescript@~6.0.2",
        "npm:vite@^8.1.1"
      ]
    }
  }
}
